
Microsoft Visual Studio Solution File, Format Version 12.00
# Visual Studio Version 17
VisualStudioVersion = 17.14.36203.30
MinimumVisualStudioVersion = 10.0.40219.1
Project("{2150E333-8FDC-42A3-9474-1A3956D46DE8}") = "Presentation", "Presentation", "{02EA681E-C7D8-13C7-8484-4AC65E1B71E8}"
EndProject
Project("{2150E333-8FDC-42A3-9474-1A3956D46DE8}") = "Infrastructure", "Infrastructure", "{8A52ABCA-BD7C-43C0-B8A3-D92FDEEA09DB}"
EndProject
Project("{2150E333-8FDC-42A3-9474-1A3956D46DE8}") = "Application", "Application", "{0504A142-E808-4648-A46F-E47988053FAD}"
EndProject
Project("{FAE04EC0-301F-11D3-BF4B-00C04F79EFBC}") = "ClassRegistration.Application", "ClassRegistration.Application\ClassRegistration.Application.csproj", "{8A773A95-B3F7-40EF-8B4B-44871897C1AB}"
	ProjectSection(ProjectDependencies) = postProject
		{0277DC62-6F75-44E8-8C79-B70DCC705D80} = {0277DC62-6F75-44E8-8C79-B70DCC705D80}
	EndProjectSection
EndProject
Project("{FAE04EC0-301F-11D3-BF4B-00C04F79EFBC}") = "ClassRegistration.Infrastructure", "ClassRegistration.Infrastructure\ClassRegistration.Infrastructure.csproj", "{53B56C11-5DAC-48CE-A105-D892587D5011}"
	ProjectSection(ProjectDependencies) = postProject
		{0277DC62-6F75-44E8-8C79-B70DCC705D80} = {0277DC62-6F75-44E8-8C79-B70DCC705D80}
	EndProjectSection
EndProject
Project("{2150E333-8FDC-42A3-9474-1A3956D46DE8}") = "Domain", "Domain", "{44DAAD70-4E89-450C-A061-32B41D3B4604}"
EndProject
Project("{FAE04EC0-301F-11D3-BF4B-00C04F79EFBC}") = "ClassRegistration.Domain", "ClassRegistration.Domain\ClassRegistration.Domain.csproj", "{0277DC62-6F75-44E8-8C79-B70DCC705D80}"
EndProject
Project("{FAE04EC0-301F-11D3-BF4B-00C04F79EFBC}") = "ClassRegistration.Presentation.ConsoleApplication", "ClassRegistration.Presentation\ClassRegistration.Presentation.ConsoleApplication.csproj", "{9520E765-AE59-2ED9-C54E-BC637B1F8E62}"
	ProjectSection(ProjectDependencies) = postProject
		{53B56C11-5DAC-48CE-A105-D892587D5011} = {53B56C11-5DAC-48CE-A105-D892587D5011}
		{8A773A95-B3F7-40EF-8B4B-44871897C1AB} = {8A773A95-B3F7-40EF-8B4B-44871897C1AB}
	EndProjectSection
EndProject
Project("{2150E333-8FDC-42A3-9474-1A3956D46DE8}") = "Solution Items", "Solution Items", "{8EC462FD-D22E-90A8-E5CE-7E832BA40C5D}"
	ProjectSection(SolutionItems) = preProject
		README.md = README.md
	EndProjectSection
EndProject
Global
	GlobalSection(SolutionConfigurationPlatforms) = preSolution
		Debug|Any CPU = Debug|Any CPU
		Release|Any CPU = Release|Any CPU
	EndGlobalSection
	GlobalSection(ProjectConfigurationPlatforms) = postSolution
		{8A773A95-B3F7-40EF-8B4B-44871897C1AB}.Debug|Any CPU.ActiveCfg = Debug|Any CPU
		{8A773A95-B3F7-40EF-8B4B-44871897C1AB}.Debug|Any CPU.Build.0 = Debug|Any CPU
		{8A773A95-B3F7-40EF-8B4B-44871897C1AB}.Release|Any CPU.ActiveCfg = Release|Any CPU
		{8A773A95-B3F7-40EF-8B4B-44871897C1AB}.Release|Any CPU.Build.0 = Release|Any CPU
		{53B56C11-5DAC-48CE-A105-D892587D5011}.Debug|Any CPU.ActiveCfg = Debug|Any CPU
		{53B56C11-5DAC-48CE-A105-D892587D5011}.Debug|Any CPU.Build.0 = Debug|Any CPU
		{53B56C11-5DAC-48CE-A105-D892587D5011}.Release|Any CPU.ActiveCfg = Release|Any CPU
		{53B56C11-5DAC-48CE-A105-D892587D5011}.Release|Any CPU.Build.0 = Release|Any CPU
		{0277DC62-6F75-44E8-8C79-B70DCC705D80}.Debug|Any CPU.ActiveCfg = Debug|Any CPU
		{0277DC62-6F75-44E8-8C79-B70DCC705D80}.Debug|Any CPU.Build.0 = Debug|Any CPU
		{0277DC62-6F75-44E8-8C79-B70DCC705D80}.Release|Any CPU.ActiveCfg = Release|Any CPU
		{0277DC62-6F75-44E8-8C79-B70DCC705D80}.Release|Any CPU.Build.0 = Release|Any CPU
		{9520E765-AE59-2ED9-C54E-BC637B1F8E62}.Debug|Any CPU.ActiveCfg = Debug|Any CPU
		{9520E765-AE59-2ED9-C54E-BC637B1F8E62}.Debug|Any CPU.Build.0 = Debug|Any CPU
		{9520E765-AE59-2ED9-C54E-BC637B1F8E62}.Release|Any CPU.ActiveCfg = Release|Any CPU
		{9520E765-AE59-2ED9-C54E-BC637B1F8E62}.Release|Any CPU.Build.0 = Release|Any CPU
	EndGlobalSection
	GlobalSection(SolutionProperties) = preSolution
		HideSolutionNode = FALSE
	EndGlobalSection
	GlobalSection(NestedProjects) = preSolution
		{8A773A95-B3F7-40EF-8B4B-44871897C1AB} = {0504A142-E808-4648-A46F-E47988053FAD}
		{53B56C11-5DAC-48CE-A105-D892587D5011} = {8A52ABCA-BD7C-43C0-B8A3-D92FDEEA09DB}
		{0277DC62-6F75-44E8-8C79-B70DCC705D80} = {44DAAD70-4E89-450C-A061-32B41D3B4604}
		{9520E765-AE59-2ED9-C54E-BC637B1F8E62} = {02EA681E-C7D8-13C7-8484-4AC65E1B71E8}
	EndGlobalSection
	GlobalSection(ExtensibilityGlobals) = postSolution
		SolutionGuid = {520AB5ED-8AF5-4FE8-ABC7-C64CAC49A532}
	EndGlobalSection
EndGlobal
