
Microsoft Visual Studio Solution File, Format Version 12.00
# Visual Studio Version 17
VisualStudioVersion = 17.14.36203.30 d17.14
MinimumVisualStudioVersion = 10.0.40219.1
Project("{FAE04EC0-301F-11D3-BF4B-00C04F79EFBC}") = "ClassRegistration", "ClassRegistration\ClassRegistration.csproj", "{7A1D7162-9C6C-4504-B19F-39B5CFCC97F2}"
EndProject
Global
	GlobalSection(SolutionConfigurationPlatforms) = preSolution
		Debug|Any CPU = Debug|Any CPU
		Release|Any CPU = Release|Any CPU
	EndGlobalSection
	GlobalSection(ProjectConfigurationPlatforms) = postSolution
		{7A1D7162-9C6C-4504-B19F-39B5CFCC97F2}.Debug|Any CPU.ActiveCfg = Debug|Any CPU
		{7A1D7162-9C6C-4504-B19F-39B5CFCC97F2}.Debug|Any CPU.Build.0 = Debug|Any CPU
		{7A1D7162-9C6C-4504-B19F-39B5CFCC97F2}.Release|Any CPU.ActiveCfg = Release|Any CPU
		{7A1D7162-9C6C-4504-B19F-39B5CFCC97F2}.Release|Any CPU.Build.0 = Release|Any CPU
	EndGlobalSection
	GlobalSection(SolutionProperties) = preSolution
		HideSolutionNode = FALSE
	EndGlobalSection
	GlobalSection(ExtensibilityGlobals) = postSolution
		SolutionGuid = {520AB5ED-8AF5-4FE8-ABC7-C64CAC49A532}
	EndGlobalSection
EndGlobal
